
Microsoft Visual Studio Solution File, Format Version 12.00
# Visual Studio Version 16
VisualStudioVersion = 16.0.31205.134
MinimumVisualStudioVersion = 10.0.40219.1
Project("{FAE04EC0-301F-11D3-BF4B-00C04F79EFBC}") = "Discord HypeSquad House", "Discord HypeSquad House.csproj", "{C690525B-4F29-4229-90F4-570CE55BD01D}"
EndProject
Global
	GlobalSection(SolutionConfigurationPlatforms) = preSolution
		Debug|Any CPU = Debug|Any CPU
		Release|Any CPU = Release|Any CPU
	EndGlobalSection
	GlobalSection(ProjectConfigurationPlatforms) = postSolution
		{C690525B-4F29-4229-90F4-570CE55BD01D}.Debug|Any CPU.ActiveCfg = Debug|Any CPU
		{C690525B-4F29-4229-90F4-570CE55BD01D}.Debug|Any CPU.Build.0 = Debug|Any CPU
		{C690525B-4F29-4229-90F4-570CE55BD01D}.Release|Any CPU.ActiveCfg = Release|Any CPU
		{C690525B-4F29-4229-90F4-570CE55BD01D}.Release|Any CPU.Build.0 = Release|Any CPU
	EndGlobalSection
	GlobalSection(SolutionProperties) = preSolution
		HideSolutionNode = FALSE
	EndGlobalSection
	GlobalSection(ExtensibilityGlobals) = postSolution
		SolutionGuid = {EC3C2566-2EAC-488E-BBD0-080AF653724F}
	EndGlobalSection
EndGlobal
